# This file is automatically @generated by Cargo.
# It is not intended for manual editing.
version = 4

[[package]]
name = "nota-next"
version = "0.1.0"
source = "git+https://github.com/LiGoldragon/nota-next.git?branch=main#0f21138d6d5fc705662444fa09d1d35b04c085d8"

[[package]]
name = "schema-next"
version = "0.1.0"
source = "git+https://github.com/LiGoldragon/schema-next.git?branch=main#2558aaf5bc98ef6e2a5e55f02fe1f08016be3bc2"
dependencies = [
 "nota-next",
]

[[package]]
name = "schema-rust-next"
version = "0.1.0"
dependencies = [
 "schema-next",
]
