# This file is automatically @generated by Cargo.
# It is not intended for manual editing.
version = 4

[[package]]
name = "nota-next"
version = "0.1.0"
source = "git+https://github.com/LiGoldragon/nota-next.git?branch=main#6b4364d94206a321db3489b8da59a88750a7c594"

[[package]]
name = "schema-next"
version = "0.1.0"
source = "git+https://github.com/LiGoldragon/schema-next.git?branch=main#e2e86177594cfae98fd871bf40864d86a3b24083"
dependencies = [
 "nota-next",
]

[[package]]
name = "schema-rust-next"
version = "0.1.0"
dependencies = [
 "schema-next",
]
